
Microsoft Visual Studio Solution File, Format Version 12.00
# Visual Studio 14
VisualStudioVersion = 14.0.25420.1
MinimumVisualStudioVersion = 10.0.40219.1
Project("{FAE04EC0-301F-11D3-BF4B-00C04F79EFBC}") = "InventoryManagement", "InventoryManagement\InventoryManagement.csproj", "{75FED61C-7424-4C2F-B715-52A3F476944B}"
EndProject
Project("{FAE04EC0-301F-11D3-BF4B-00C04F79EFBC}") = "AuthenticationLibrary", "AuthenticationLibrary\AuthenticationLibrary.csproj", "{BFD750A0-B70F-471F-A29F-79FBAD91E0D0}"
EndProject
Global
	GlobalSection(SolutionConfigurationPlatforms) = preSolution
		Debug|Any CPU = Debug|Any CPU
		Release|Any CPU = Release|Any CPU
	EndGlobalSection
	GlobalSection(ProjectConfigurationPlatforms) = postSolution
		{75FED61C-7424-4C2F-B715-52A3F476944B}.Debug|Any CPU.ActiveCfg = Debug|Any CPU
		{75FED61C-7424-4C2F-B715-52A3F476944B}.Debug|Any CPU.Build.0 = Debug|Any CPU
		{75FED61C-7424-4C2F-B715-52A3F476944B}.Release|Any CPU.ActiveCfg = Release|Any CPU
		{75FED61C-7424-4C2F-B715-52A3F476944B}.Release|Any CPU.Build.0 = Release|Any CPU
		{BFD750A0-B70F-471F-A29F-79FBAD91E0D0}.Debug|Any CPU.ActiveCfg = Debug|Any CPU
		{BFD750A0-B70F-471F-A29F-79FBAD91E0D0}.Debug|Any CPU.Build.0 = Debug|Any CPU
		{BFD750A0-B70F-471F-A29F-79FBAD91E0D0}.Release|Any CPU.ActiveCfg = Release|Any CPU
		{BFD750A0-B70F-471F-A29F-79FBAD91E0D0}.Release|Any CPU.Build.0 = Release|Any CPU
	EndGlobalSection
	GlobalSection(SolutionProperties) = preSolution
		HideSolutionNode = FALSE
	EndGlobalSection
EndGlobal
